
Microsoft Visual Studio Solution File, Format Version 12.00
# Visual Studio 2012
Project("{FAE04EC0-301F-11D3-BF4B-00C04F79EFBC}") = "N11_Test", "N11_Test\N11_Test.csproj", "{81794AFB-F276-45E4-804C-D8CF9615128E}"
EndProject
Project("{2150E333-8FDC-42A3-9474-1A3956D46DE8}") = ".nuget", ".nuget", "{3D6F8454-60CF-453C-97DC-81C0F047CDC0}"
	ProjectSection(SolutionItems) = preProject
		.nuget\packages.config = .nuget\packages.config
	EndProjectSection
EndProject
Global
	GlobalSection(SolutionConfigurationPlatforms) = preSolution
		Debug|Any CPU = Debug|Any CPU
		Release|Any CPU = Release|Any CPU
	EndGlobalSection
	GlobalSection(ProjectConfigurationPlatforms) = postSolution
		{81794AFB-F276-45E4-804C-D8CF9615128E}.Debug|Any CPU.ActiveCfg = Debug|Any CPU
		{81794AFB-F276-45E4-804C-D8CF9615128E}.Debug|Any CPU.Build.0 = Debug|Any CPU
		{81794AFB-F276-45E4-804C-D8CF9615128E}.Release|Any CPU.ActiveCfg = Release|Any CPU
		{81794AFB-F276-45E4-804C-D8CF9615128E}.Release|Any CPU.Build.0 = Release|Any CPU
	EndGlobalSection
	GlobalSection(SolutionProperties) = preSolution
		HideSolutionNode = FALSE
	EndGlobalSection
EndGlobal
